{
    "_readme": [
        "This file locks the dependencies of your project to a known state",
        "Read more about it at https://getcomposer.org/doc/01-basic-usage.md#composer-lock-the-lock-file",
        "This file is @generated automatically"
    ],
    "hash": "0ddacf6ff04ee97b0c8e3173e3dee4de",
    "content-hash": "111e386651ef7b723ea2f4b7cd73225a",
    "packages": [
        {
            "name": "direct-solution/solution-orm",
            "version": "dev-master",
            "source": {
                "type": "git",
                "url": "https://github.com/direct-solution/solution-orm.git",
                "reference": "a06cf34a53928b24c6f5569e869ce3fcc7f26eac"
            },
            "dist": {
                "type": "zip",
                "url": "https://api.github.com/repos/direct-solution/solution-orm/zipball/a06cf34a53928b24c6f5569e869ce3fcc7f26eac",
                "reference": "a06cf34a53928b24c6f5569e869ce3fcc7f26eac",
                "shasum": ""
            },
            "type": "library",
            "autoload": {
                "psr-4": {
                    "SolutionORM\\": "",
                    "SolutionORM\\Controllers\\": "src/Controllers/",
                    "SolutionORM\\Controllers\\Cache\\": "src/Controllers/Cache/",
                    "SolutionORM\\Interfaces\\": "src/Interfaces/"
                }
            },
            "notification-url": "https://packagist.org/downloads/",
            "authors": [
                {
                    "name": "Doug Hayward"
                }
            ],
            "description": "SolutionORM, forked modernised version of NotOrm.",
            "keywords": [
                "database",
                "dbal"
            ],
            "time": "2016-03-04 16:46:04"
        }
    ],
    "packages-dev": [],
    "aliases": [],
    "minimum-stability": "dev",
    "stability-flags": {
        "direct-solution/solution-orm": 20
    },
    "prefer-stable": false,
    "prefer-lowest": false,
    "platform": [],
    "platform-dev": []
}
