{
    "_readme": [
        "This file locks the dependencies of your project to a known state",
        "Read more about it at https://getcomposer.org/doc/01-basic-usage.md#composer-lock-the-lock-file",
        "This file is @generated automatically"
    ],
    "hash": "0ddacf6ff04ee97b0c8e3173e3dee4de",
    "content-hash": "111e386651ef7b723ea2f4b7cd73225a",
    "packages": [
        {
            "name": "direct-solution/solution-orm",
            "version": "dev-master",
            "source": {
                "type": "git",
                "url": "https://github.com/DirectSolution/SolutionORM.git",
                "reference": "756f7292638fbcb3f62f5a73dfae012463e65d46"
            },
            "dist": {
                "type": "zip",
                "url": "https://api.github.com/repos/DirectSolution/SolutionORM/zipball/756f7292638fbcb3f62f5a73dfae012463e65d46",
                "reference": "756f7292638fbcb3f62f5a73dfae012463e65d46",
                "shasum": ""
            },
            "type": "library",
            "autoload": {
                "psr-4": {
                    "SolutionORM\\": "",
                    "SolutionMvc\\Source\\": "src/"
                }
            },
            "notification-url": "https://packagist.org/downloads/",
            "authors": [
                {
                    "name": "Doug Hayward"
                }
            ],
            "description": "SolutionORM, forked modernised version of NotOrm.",
            "keywords": [
                "database",
                "dbal"
            ],
            "time": "2016-02-26 13:57:18"
        }
    ],
    "packages-dev": [],
    "aliases": [],
    "minimum-stability": "dev",
    "stability-flags": {
        "direct-solution/solution-orm": 20
    },
    "prefer-stable": false,
    "prefer-lowest": false,
    "platform": [],
    "platform-dev": []
}
